
Microsoft Visual Studio Solution File, Format Version 12.00
# Visual Studio Version 16
VisualStudioVersion = 16.0.30907.101
MinimumVisualStudioVersion = 10.0.40219.1
Project("{FAE04EC0-301F-11D3-BF4B-00C04F79EFBC}") = "ConsoleApp5SeleniumHtmlAgilityPackCoinMarketCap", "ConsoleApp5SeleniumHtmlAgilityPackCoinMarketCap\ConsoleApp5SeleniumHtmlAgilityPackCoinMarketCap.csproj", "{703CAC68-7A26-4EB2-90F8-61BC91CDCB2B}"
EndProject
Global
	GlobalSection(SolutionConfigurationPlatforms) = preSolution
		Debug|Any CPU = Debug|Any CPU
		Release|Any CPU = Release|Any CPU
	EndGlobalSection
	GlobalSection(ProjectConfigurationPlatforms) = postSolution
		{703CAC68-7A26-4EB2-90F8-61BC91CDCB2B}.Debug|Any CPU.ActiveCfg = Debug|Any CPU
		{703CAC68-7A26-4EB2-90F8-61BC91CDCB2B}.Debug|Any CPU.Build.0 = Debug|Any CPU
		{703CAC68-7A26-4EB2-90F8-61BC91CDCB2B}.Release|Any CPU.ActiveCfg = Release|Any CPU
		{703CAC68-7A26-4EB2-90F8-61BC91CDCB2B}.Release|Any CPU.Build.0 = Release|Any CPU
	EndGlobalSection
	GlobalSection(SolutionProperties) = preSolution
		HideSolutionNode = FALSE
	EndGlobalSection
	GlobalSection(ExtensibilityGlobals) = postSolution
		SolutionGuid = {AFDC92CC-DBE7-471B-8C7A-3C3FE8724DBB}
	EndGlobalSection
EndGlobal
