
Microsoft Visual Studio Solution File, Format Version 12.00
# Visual Studio Version 17
VisualStudioVersion = 17.0.31912.275
MinimumVisualStudioVersion = 10.0.40219.1
Project("{FAE04EC0-301F-11D3-BF4B-00C04F79EFBC}") = "Selenium_ExtractData_Jazz4GWifi", "Selenium_ExtractData_Jazz4GWifi\Selenium_ExtractData_Jazz4GWifi.csproj", "{D6C0BAC9-29AE-4DBA-B4B6-34B71C8DA84E}"
EndProject
Project("{FAE04EC0-301F-11D3-BF4B-00C04F79EFBC}") = "SeleniumCoreFunctions", "SeleniumCoreFunctions\SeleniumCoreFunctions.csproj", "{2BC4AF4A-A644-4563-A63D-F202336BBD4A}"
EndProject
Project("{FAE04EC0-301F-11D3-BF4B-00C04F79EFBC}") = "OLXScrapping", "OLXScrapping\OLXScrapping.csproj", "{767A2EBB-E20E-4F5D-82CF-68B3AB144756}"
EndProject
Global
	GlobalSection(SolutionConfigurationPlatforms) = preSolution
		Debug|Any CPU = Debug|Any CPU
		Release|Any CPU = Release|Any CPU
	EndGlobalSection
	GlobalSection(ProjectConfigurationPlatforms) = postSolution
		{D6C0BAC9-29AE-4DBA-B4B6-34B71C8DA84E}.Debug|Any CPU.ActiveCfg = Debug|Any CPU
		{D6C0BAC9-29AE-4DBA-B4B6-34B71C8DA84E}.Debug|Any CPU.Build.0 = Debug|Any CPU
		{D6C0BAC9-29AE-4DBA-B4B6-34B71C8DA84E}.Release|Any CPU.ActiveCfg = Release|Any CPU
		{D6C0BAC9-29AE-4DBA-B4B6-34B71C8DA84E}.Release|Any CPU.Build.0 = Release|Any CPU
		{2BC4AF4A-A644-4563-A63D-F202336BBD4A}.Debug|Any CPU.ActiveCfg = Debug|Any CPU
		{2BC4AF4A-A644-4563-A63D-F202336BBD4A}.Debug|Any CPU.Build.0 = Debug|Any CPU
		{2BC4AF4A-A644-4563-A63D-F202336BBD4A}.Release|Any CPU.ActiveCfg = Release|Any CPU
		{2BC4AF4A-A644-4563-A63D-F202336BBD4A}.Release|Any CPU.Build.0 = Release|Any CPU
		{767A2EBB-E20E-4F5D-82CF-68B3AB144756}.Debug|Any CPU.ActiveCfg = Debug|Any CPU
		{767A2EBB-E20E-4F5D-82CF-68B3AB144756}.Debug|Any CPU.Build.0 = Debug|Any CPU
		{767A2EBB-E20E-4F5D-82CF-68B3AB144756}.Release|Any CPU.ActiveCfg = Release|Any CPU
		{767A2EBB-E20E-4F5D-82CF-68B3AB144756}.Release|Any CPU.Build.0 = Release|Any CPU
	EndGlobalSection
	GlobalSection(SolutionProperties) = preSolution
		HideSolutionNode = FALSE
	EndGlobalSection
	GlobalSection(ExtensibilityGlobals) = postSolution
		SolutionGuid = {1327229C-9F3F-4162-9416-6838F85400D5}
	EndGlobalSection
EndGlobal
